
Microsoft Visual Studio Solution File, Format Version 12.00
# Visual Studio Version 17
VisualStudioVersion = 17.2.32616.157
MinimumVisualStudioVersion = 10.0.40219.1
Project("{FAE04EC0-301F-11D3-BF4B-00C04F79EFBC}") = "SoftUni", "SoftUni\SoftUni.csproj", "{FBA75242-3ADA-4C39-AC25-603097944F81}"
EndProject
Global
	GlobalSection(SolutionConfigurationPlatforms) = preSolution
		Debug|Any CPU = Debug|Any CPU
		Release|Any CPU = Release|Any CPU
	EndGlobalSection
	GlobalSection(ProjectConfigurationPlatforms) = postSolution
		{FBA75242-3ADA-4C39-AC25-603097944F81}.Debug|Any CPU.ActiveCfg = Debug|Any CPU
		{FBA75242-3ADA-4C39-AC25-603097944F81}.Debug|Any CPU.Build.0 = Debug|Any CPU
		{FBA75242-3ADA-4C39-AC25-603097944F81}.Release|Any CPU.ActiveCfg = Release|Any CPU
		{FBA75242-3ADA-4C39-AC25-603097944F81}.Release|Any CPU.Build.0 = Release|Any CPU
	EndGlobalSection
	GlobalSection(SolutionProperties) = preSolution
		HideSolutionNode = FALSE
	EndGlobalSection
	GlobalSection(ExtensibilityGlobals) = postSolution
		SolutionGuid = {A3C5DBAB-ADDF-4D71-97F8-4E08C0AF49E6}
	EndGlobalSection
EndGlobal
