
Microsoft Visual Studio Solution File, Format Version 12.00
# Visual Studio Version 17
VisualStudioVersion = 17.2.32616.157
MinimumVisualStudioVersion = 10.0.40219.1
Project("{9A19103F-16F7-4668-BE54-9A1E7A4F7556}") = "SoftUni", "SoftUni\SoftUni.csproj", "{FBA75242-3ADA-4C39-AC25-603097944F81}"
EndProject
Project("{9A19103F-16F7-4668-BE54-9A1E7A4F7556}") = "P01_StudentSystem", "P01_StudentSystem\P01_StudentSystem.csproj", "{AF5663D0-C044-42EA-94CF-53BF47875CE7}"
EndProject
Project("{9A19103F-16F7-4668-BE54-9A1E7A4F7556}") = "P03_FootballBetting", "P03_FootballBetting\P03_FootballBetting.csproj", "{1D9253FC-12BF-4745-9A2B-B84556BEA666}"
EndProject
Project("{9A19103F-16F7-4668-BE54-9A1E7A4F7556}") = "MusicHub", "MusicHub\MusicHub.csproj", "{4A3F049B-BC39-41C9-94E2-9FCB9BC25A51}"
EndProject
Project("{9A19103F-16F7-4668-BE54-9A1E7A4F7556}") = "BookShop", "BookShop\BookShop.csproj", "{B58B710F-C597-44F1-AA93-92FC2F54244E}"
EndProject
Project("{9A19103F-16F7-4668-BE54-9A1E7A4F7556}") = "ProductShop", "ProductShop\ProductShop.csproj", "{59A3B409-8F2A-4E49-B0E5-1E6E3724AD54}"
EndProject
Project("{9A19103F-16F7-4668-BE54-9A1E7A4F7556}") = "CarDealer", "CarDealerXML\CarDealer.csproj", "{33FCAE1B-DC13-4F8C-BD46-780FB076C45D}"
EndProject
Global
	GlobalSection(SolutionConfigurationPlatforms) = preSolution
		Debug|Any CPU = Debug|Any CPU
		Release|Any CPU = Release|Any CPU
	EndGlobalSection
	GlobalSection(ProjectConfigurationPlatforms) = postSolution
		{FBA75242-3ADA-4C39-AC25-603097944F81}.Debug|Any CPU.ActiveCfg = Debug|Any CPU
		{FBA75242-3ADA-4C39-AC25-603097944F81}.Debug|Any CPU.Build.0 = Debug|Any CPU
		{FBA75242-3ADA-4C39-AC25-603097944F81}.Release|Any CPU.ActiveCfg = Release|Any CPU
		{FBA75242-3ADA-4C39-AC25-603097944F81}.Release|Any CPU.Build.0 = Release|Any CPU
		{AF5663D0-C044-42EA-94CF-53BF47875CE7}.Debug|Any CPU.ActiveCfg = Debug|Any CPU
		{AF5663D0-C044-42EA-94CF-53BF47875CE7}.Debug|Any CPU.Build.0 = Debug|Any CPU
		{AF5663D0-C044-42EA-94CF-53BF47875CE7}.Release|Any CPU.ActiveCfg = Release|Any CPU
		{AF5663D0-C044-42EA-94CF-53BF47875CE7}.Release|Any CPU.Build.0 = Release|Any CPU
		{1D9253FC-12BF-4745-9A2B-B84556BEA666}.Debug|Any CPU.ActiveCfg = Debug|Any CPU
		{1D9253FC-12BF-4745-9A2B-B84556BEA666}.Debug|Any CPU.Build.0 = Debug|Any CPU
		{1D9253FC-12BF-4745-9A2B-B84556BEA666}.Release|Any CPU.ActiveCfg = Release|Any CPU
		{1D9253FC-12BF-4745-9A2B-B84556BEA666}.Release|Any CPU.Build.0 = Release|Any CPU
		{4A3F049B-BC39-41C9-94E2-9FCB9BC25A51}.Debug|Any CPU.ActiveCfg = Debug|Any CPU
		{4A3F049B-BC39-41C9-94E2-9FCB9BC25A51}.Debug|Any CPU.Build.0 = Debug|Any CPU
		{4A3F049B-BC39-41C9-94E2-9FCB9BC25A51}.Release|Any CPU.ActiveCfg = Release|Any CPU
		{4A3F049B-BC39-41C9-94E2-9FCB9BC25A51}.Release|Any CPU.Build.0 = Release|Any CPU
		{B58B710F-C597-44F1-AA93-92FC2F54244E}.Debug|Any CPU.ActiveCfg = Debug|Any CPU
		{B58B710F-C597-44F1-AA93-92FC2F54244E}.Debug|Any CPU.Build.0 = Debug|Any CPU
		{B58B710F-C597-44F1-AA93-92FC2F54244E}.Release|Any CPU.ActiveCfg = Release|Any CPU
		{B58B710F-C597-44F1-AA93-92FC2F54244E}.Release|Any CPU.Build.0 = Release|Any CPU
		{59A3B409-8F2A-4E49-B0E5-1E6E3724AD54}.Debug|Any CPU.ActiveCfg = Debug|Any CPU
		{59A3B409-8F2A-4E49-B0E5-1E6E3724AD54}.Debug|Any CPU.Build.0 = Debug|Any CPU
		{59A3B409-8F2A-4E49-B0E5-1E6E3724AD54}.Release|Any CPU.ActiveCfg = Release|Any CPU
		{59A3B409-8F2A-4E49-B0E5-1E6E3724AD54}.Release|Any CPU.Build.0 = Release|Any CPU
		{33FCAE1B-DC13-4F8C-BD46-780FB076C45D}.Debug|Any CPU.ActiveCfg = Debug|Any CPU
		{33FCAE1B-DC13-4F8C-BD46-780FB076C45D}.Debug|Any CPU.Build.0 = Debug|Any CPU
		{33FCAE1B-DC13-4F8C-BD46-780FB076C45D}.Release|Any CPU.ActiveCfg = Release|Any CPU
		{33FCAE1B-DC13-4F8C-BD46-780FB076C45D}.Release|Any CPU.Build.0 = Release|Any CPU
	EndGlobalSection
	GlobalSection(SolutionProperties) = preSolution
		HideSolutionNode = FALSE
	EndGlobalSection
	GlobalSection(ExtensibilityGlobals) = postSolution
		SolutionGuid = {A3C5DBAB-ADDF-4D71-97F8-4E08C0AF49E6}
	EndGlobalSection
EndGlobal
